
Microsoft Visual Studio Solution File, Format Version 12.00
# Visual Studio Version 17
VisualStudioVersion = 17.0.31903.59
MinimumVisualStudioVersion = 10.0.40219.1
Project("{9A19103F-16F7-4668-BE54-9A1E7A4F7556}") = "Day00", "Day00\Day00.csproj", "{4C2B09F7-8BCF-437C-BB95-CEA21312EE46}"
EndProject
Project("{9A19103F-16F7-4668-BE54-9A1E7A4F7556}") = "Day01", "Day01\Day01.csproj", "{574F2D39-FD54-4C2E-A98A-53702A5386F1}"
EndProject
Project("{2150E333-8FDC-42A3-9474-1A3956D46DE8}") = "Solution Items", "Solution Items", "{B59AF303-8400-497F-9302-D8C554FB0DE9}"
	ProjectSection(SolutionItems) = preProject
		.editorconfig = .editorconfig
		README.md = README.md
	EndProjectSection
EndProject
Project("{2150E333-8FDC-42A3-9474-1A3956D46DE8}") = "Experiments", "Experiments", "{3C0AA16E-4677-4E2B-B1F2-BD5895D60CF0}"
EndProject
Project("{9A19103F-16F7-4668-BE54-9A1E7A4F7556}") = "Day00.Cards", "Day00.Cards\Day00.Cards.csproj", "{09899F15-E4CD-40E2-907E-172B46C3718F}"
EndProject
Project("{9A19103F-16F7-4668-BE54-9A1E7A4F7556}") = "Day00.Examples", "Day00.Examples\Day00.Examples.csproj", "{67112766-1F9C-46C6-896A-9E7272938EE2}"
EndProject
Project("{9A19103F-16F7-4668-BE54-9A1E7A4F7556}") = "Day02", "Day02\Day02.csproj", "{B6AB9128-BF79-4A66-BD22-20CB83B670FA}"
EndProject
Project("{9A19103F-16F7-4668-BE54-9A1E7A4F7556}") = "Day03", "Day03\Day03.csproj", "{78B4B7F9-1602-4A86-801F-575F5F60BB79}"
EndProject
Project("{9A19103F-16F7-4668-BE54-9A1E7A4F7556}") = "Day04", "Day04\Day04.csproj", "{651C15E5-2260-4711-9381-B84923853BA6}"
EndProject
Project("{9A19103F-16F7-4668-BE54-9A1E7A4F7556}") = "Day05", "Day05\Day05.csproj", "{39007BED-3942-4155-8153-0DDCF58E0CD0}"
EndProject
Global
	GlobalSection(SolutionConfigurationPlatforms) = preSolution
		Debug|Any CPU = Debug|Any CPU
		Release|Any CPU = Release|Any CPU
	EndGlobalSection
	GlobalSection(ProjectConfigurationPlatforms) = postSolution
		{4C2B09F7-8BCF-437C-BB95-CEA21312EE46}.Debug|Any CPU.ActiveCfg = Debug|Any CPU
		{4C2B09F7-8BCF-437C-BB95-CEA21312EE46}.Debug|Any CPU.Build.0 = Debug|Any CPU
		{4C2B09F7-8BCF-437C-BB95-CEA21312EE46}.Release|Any CPU.ActiveCfg = Release|Any CPU
		{4C2B09F7-8BCF-437C-BB95-CEA21312EE46}.Release|Any CPU.Build.0 = Release|Any CPU
		{574F2D39-FD54-4C2E-A98A-53702A5386F1}.Debug|Any CPU.ActiveCfg = Debug|Any CPU
		{574F2D39-FD54-4C2E-A98A-53702A5386F1}.Debug|Any CPU.Build.0 = Debug|Any CPU
		{574F2D39-FD54-4C2E-A98A-53702A5386F1}.Release|Any CPU.ActiveCfg = Release|Any CPU
		{574F2D39-FD54-4C2E-A98A-53702A5386F1}.Release|Any CPU.Build.0 = Release|Any CPU
		{09899F15-E4CD-40E2-907E-172B46C3718F}.Debug|Any CPU.ActiveCfg = Debug|Any CPU
		{09899F15-E4CD-40E2-907E-172B46C3718F}.Debug|Any CPU.Build.0 = Debug|Any CPU
		{09899F15-E4CD-40E2-907E-172B46C3718F}.Release|Any CPU.ActiveCfg = Release|Any CPU
		{09899F15-E4CD-40E2-907E-172B46C3718F}.Release|Any CPU.Build.0 = Release|Any CPU
		{67112766-1F9C-46C6-896A-9E7272938EE2}.Debug|Any CPU.ActiveCfg = Debug|Any CPU
		{67112766-1F9C-46C6-896A-9E7272938EE2}.Debug|Any CPU.Build.0 = Debug|Any CPU
		{67112766-1F9C-46C6-896A-9E7272938EE2}.Release|Any CPU.ActiveCfg = Release|Any CPU
		{67112766-1F9C-46C6-896A-9E7272938EE2}.Release|Any CPU.Build.0 = Release|Any CPU
		{B6AB9128-BF79-4A66-BD22-20CB83B670FA}.Debug|Any CPU.ActiveCfg = Debug|Any CPU
		{B6AB9128-BF79-4A66-BD22-20CB83B670FA}.Debug|Any CPU.Build.0 = Debug|Any CPU
		{B6AB9128-BF79-4A66-BD22-20CB83B670FA}.Release|Any CPU.ActiveCfg = Release|Any CPU
		{B6AB9128-BF79-4A66-BD22-20CB83B670FA}.Release|Any CPU.Build.0 = Release|Any CPU
		{78B4B7F9-1602-4A86-801F-575F5F60BB79}.Debug|Any CPU.ActiveCfg = Debug|Any CPU
		{78B4B7F9-1602-4A86-801F-575F5F60BB79}.Debug|Any CPU.Build.0 = Debug|Any CPU
		{78B4B7F9-1602-4A86-801F-575F5F60BB79}.Release|Any CPU.ActiveCfg = Release|Any CPU
		{78B4B7F9-1602-4A86-801F-575F5F60BB79}.Release|Any CPU.Build.0 = Release|Any CPU
		{651C15E5-2260-4711-9381-B84923853BA6}.Debug|Any CPU.ActiveCfg = Debug|Any CPU
		{651C15E5-2260-4711-9381-B84923853BA6}.Debug|Any CPU.Build.0 = Debug|Any CPU
		{651C15E5-2260-4711-9381-B84923853BA6}.Release|Any CPU.ActiveCfg = Release|Any CPU
		{651C15E5-2260-4711-9381-B84923853BA6}.Release|Any CPU.Build.0 = Release|Any CPU
		{39007BED-3942-4155-8153-0DDCF58E0CD0}.Debug|Any CPU.ActiveCfg = Debug|Any CPU
		{39007BED-3942-4155-8153-0DDCF58E0CD0}.Debug|Any CPU.Build.0 = Debug|Any CPU
		{39007BED-3942-4155-8153-0DDCF58E0CD0}.Release|Any CPU.ActiveCfg = Release|Any CPU
		{39007BED-3942-4155-8153-0DDCF58E0CD0}.Release|Any CPU.Build.0 = Release|Any CPU
	EndGlobalSection
	GlobalSection(SolutionProperties) = preSolution
		HideSolutionNode = FALSE
	EndGlobalSection
	GlobalSection(NestedProjects) = preSolution
		{09899F15-E4CD-40E2-907E-172B46C3718F} = {3C0AA16E-4677-4E2B-B1F2-BD5895D60CF0}
		{67112766-1F9C-46C6-896A-9E7272938EE2} = {3C0AA16E-4677-4E2B-B1F2-BD5895D60CF0}
	EndGlobalSection
	GlobalSection(ExtensibilityGlobals) = postSolution
		SolutionGuid = {51748C4E-22AA-4A12-89ED-407D1214110D}
	EndGlobalSection
EndGlobal
